
Microsoft Visual Studio Solution File, Format Version 12.00
# Visual Studio 15
VisualStudioVersion = 15.0.27130.2027
MinimumVisualStudioVersion = 10.0.40219.1
Project("{FAE04EC0-301F-11D3-BF4B-00C04F79EFBC}") = "a4aa.Android", "a4aa\a4aa.Android\a4aa.Android.csproj", "{6F5FC441-0CA9-4163-9135-FFFF1764B1BC}"
EndProject
Project("{FAE04EC0-301F-11D3-BF4B-00C04F79EFBC}") = "a4aa.iOS", "a4aa\a4aa.iOS\a4aa.iOS.csproj", "{6561A1DA-C614-485A-AD34-F3877185A0E3}"
EndProject
Project("{FAE04EC0-301F-11D3-BF4B-00C04F79EFBC}") = "a4aa.UWP", "a4aa\a4aa.UWP\a4aa.UWP.csproj", "{D76C498B-CA8B-4CC4-8B4D-B27634AAB843}"
EndProject
Project("{D954291E-2A0B-460D-934E-DC6B0785DB48}") = "a4aa", "a4aa\a4aa\a4aa.shproj", "{9614CAC7-D510-4EE0-A72A-126D7584154B}"
EndProject
Global
	GlobalSection(SharedMSBuildProjectFiles) = preSolution
		a4aa\a4aa\a4aa.projitems*{6561a1da-c614-485a-ad34-f3877185a0e3}*SharedItemsImports = 4
		a4aa\a4aa\a4aa.projitems*{6f5fc441-0ca9-4163-9135-ffff1764b1bc}*SharedItemsImports = 4
		a4aa\a4aa\a4aa.projitems*{9614cac7-d510-4ee0-a72a-126d7584154b}*SharedItemsImports = 13
		a4aa\a4aa\a4aa.projitems*{d76c498b-ca8b-4cc4-8b4d-b27634aab843}*SharedItemsImports = 4
	EndGlobalSection
	GlobalSection(SolutionConfigurationPlatforms) = preSolution
		Ad-Hoc|Any CPU = Ad-Hoc|Any CPU
		Ad-Hoc|ARM = Ad-Hoc|ARM
		Ad-Hoc|iPhone = Ad-Hoc|iPhone
		Ad-Hoc|iPhoneSimulator = Ad-Hoc|iPhoneSimulator
		Ad-Hoc|x64 = Ad-Hoc|x64
		Ad-Hoc|x86 = Ad-Hoc|x86
		AppStore|Any CPU = AppStore|Any CPU
		AppStore|ARM = AppStore|ARM
		AppStore|iPhone = AppStore|iPhone
		AppStore|iPhoneSimulator = AppStore|iPhoneSimulator
		AppStore|x64 = AppStore|x64
		AppStore|x86 = AppStore|x86
		Debug|Any CPU = Debug|Any CPU
		Debug|ARM = Debug|ARM
		Debug|iPhone = Debug|iPhone
		Debug|iPhoneSimulator = Debug|iPhoneSimulator
		Debug|x64 = Debug|x64
		Debug|x86 = Debug|x86
		Release|Any CPU = Release|Any CPU
		Release|ARM = Release|ARM
		Release|iPhone = Release|iPhone
		Release|iPhoneSimulator = Release|iPhoneSimulator
		Release|x64 = Release|x64
		Release|x86 = Release|x86
	EndGlobalSection
	GlobalSection(ProjectConfigurationPlatforms) = postSolution
		{6F5FC441-0CA9-4163-9135-FFFF1764B1BC}.Ad-Hoc|Any CPU.ActiveCfg = Release|Any CPU
		{6F5FC441-0CA9-4163-9135-FFFF1764B1BC}.Ad-Hoc|Any CPU.Build.0 = Release|Any CPU
		{6F5FC441-0CA9-4163-9135-FFFF1764B1BC}.Ad-Hoc|Any CPU.Deploy.0 = Release|Any CPU
		{6F5FC441-0CA9-4163-9135-FFFF1764B1BC}.Ad-Hoc|ARM.ActiveCfg = Release|Any CPU
		{6F5FC441-0CA9-4163-9135-FFFF1764B1BC}.Ad-Hoc|ARM.Build.0 = Release|Any CPU
		{6F5FC441-0CA9-4163-9135-FFFF1764B1BC}.Ad-Hoc|ARM.Deploy.0 = Release|Any CPU
		{6F5FC441-0CA9-4163-9135-FFFF1764B1BC}.Ad-Hoc|iPhone.ActiveCfg = Release|Any CPU
		{6F5FC441-0CA9-4163-9135-FFFF1764B1BC}.Ad-Hoc|iPhone.Build.0 = Release|Any CPU
		{6F5FC441-0CA9-4163-9135-FFFF1764B1BC}.Ad-Hoc|iPhone.Deploy.0 = Release|Any CPU
		{6F5FC441-0CA9-4163-9135-FFFF1764B1BC}.Ad-Hoc|iPhoneSimulator.ActiveCfg = Release|Any CPU
		{6F5FC441-0CA9-4163-9135-FFFF1764B1BC}.Ad-Hoc|iPhoneSimulator.Build.0 = Release|Any CPU
		{6F5FC441-0CA9-4163-9135-FFFF1764B1BC}.Ad-Hoc|iPhoneSimulator.Deploy.0 = Release|Any CPU
		{6F5FC441-0CA9-4163-9135-FFFF1764B1BC}.Ad-Hoc|x64.ActiveCfg = Release|Any CPU
		{6F5FC441-0CA9-4163-9135-FFFF1764B1BC}.Ad-Hoc|x64.Build.0 = Release|Any CPU
		{6F5FC441-0CA9-4163-9135-FFFF1764B1BC}.Ad-Hoc|x64.Deploy.0 = Release|Any CPU
		{6F5FC441-0CA9-4163-9135-FFFF1764B1BC}.Ad-Hoc|x86.ActiveCfg = Release|Any CPU
		{6F5FC441-0CA9-4163-9135-FFFF1764B1BC}.Ad-Hoc|x86.Build.0 = Release|Any CPU
		{6F5FC441-0CA9-4163-9135-FFFF1764B1BC}.Ad-Hoc|x86.Deploy.0 = Release|Any CPU
		{6F5FC441-0CA9-4163-9135-FFFF1764B1BC}.AppStore|Any CPU.ActiveCfg = Release|Any CPU
		{6F5FC441-0CA9-4163-9135-FFFF1764B1BC}.AppStore|Any CPU.Build.0 = Release|Any CPU
		{6F5FC441-0CA9-4163-9135-FFFF1764B1BC}.AppStore|Any CPU.Deploy.0 = Release|Any CPU
		{6F5FC441-0CA9-4163-9135-FFFF1764B1BC}.AppStore|ARM.ActiveCfg = Release|Any CPU
		{6F5FC441-0CA9-4163-9135-FFFF1764B1BC}.AppStore|ARM.Build.0 = Release|Any CPU
		{6F5FC441-0CA9-4163-9135-FFFF1764B1BC}.AppStore|ARM.Deploy.0 = Release|Any CPU
		{6F5FC441-0CA9-4163-9135-FFFF1764B1BC}.AppStore|iPhone.ActiveCfg = Release|Any CPU
		{6F5FC441-0CA9-4163-9135-FFFF1764B1BC}.AppStore|iPhone.Build.0 = Release|Any CPU
		{6F5FC441-0CA9-4163-9135-FFFF1764B1BC}.AppStore|iPhone.Deploy.0 = Release|Any CPU
		{6F5FC441-0CA9-4163-9135-FFFF1764B1BC}.AppStore|iPhoneSimulator.ActiveCfg = Release|Any CPU
		{6F5FC441-0CA9-4163-9135-FFFF1764B1BC}.AppStore|iPhoneSimulator.Build.0 = Release|Any CPU
		{6F5FC441-0CA9-4163-9135-FFFF1764B1BC}.AppStore|iPhoneSimulator.Deploy.0 = Release|Any CPU
		{6F5FC441-0CA9-4163-9135-FFFF1764B1BC}.AppStore|x64.ActiveCfg = Release|Any CPU
		{6F5FC441-0CA9-4163-9135-FFFF1764B1BC}.AppStore|x64.Build.0 = Release|Any CPU
		{6F5FC441-0CA9-4163-9135-FFFF1764B1BC}.AppStore|x64.Deploy.0 = Release|Any CPU
		{6F5FC441-0CA9-4163-9135-FFFF1764B1BC}.AppStore|x86.ActiveCfg = Release|Any CPU
		{6F5FC441-0CA9-4163-9135-FFFF1764B1BC}.AppStore|x86.Build.0 = Release|Any CPU
		{6F5FC441-0CA9-4163-9135-FFFF1764B1BC}.AppStore|x86.Deploy.0 = Release|Any CPU
		{6F5FC441-0CA9-4163-9135-FFFF1764B1BC}.Debug|Any CPU.ActiveCfg = Debug|Any CPU
		{6F5FC441-0CA9-4163-9135-FFFF1764B1BC}.Debug|Any CPU.Build.0 = Debug|Any CPU
		{6F5FC441-0CA9-4163-9135-FFFF1764B1BC}.Debug|Any CPU.Deploy.0 = Debug|Any CPU
		{6F5FC441-0CA9-4163-9135-FFFF1764B1BC}.Debug|ARM.ActiveCfg = Debug|Any CPU
		{6F5FC441-0CA9-4163-9135-FFFF1764B1BC}.Debug|ARM.Build.0 = Debug|Any CPU
		{6F5FC441-0CA9-4163-9135-FFFF1764B1BC}.Debug|ARM.Deploy.0 = Debug|Any CPU
		{6F5FC441-0CA9-4163-9135-FFFF1764B1BC}.Debug|iPhone.ActiveCfg = Debug|Any CPU
		{6F5FC441-0CA9-4163-9135-FFFF1764B1BC}.Debug|iPhone.Build.0 = Debug|Any CPU
		{6F5FC441-0CA9-4163-9135-FFFF1764B1BC}.Debug|iPhone.Deploy.0 = Debug|Any CPU
		{6F5FC441-0CA9-4163-9135-FFFF1764B1BC}.Debug|iPhoneSimulator.ActiveCfg = Debug|Any CPU
		{6F5FC441-0CA9-4163-9135-FFFF1764B1BC}.Debug|iPhoneSimulator.Build.0 = Debug|Any CPU
		{6F5FC441-0CA9-4163-9135-FFFF1764B1BC}.Debug|iPhoneSimulator.Deploy.0 = Debug|Any CPU
		{6F5FC441-0CA9-4163-9135-FFFF1764B1BC}.Debug|x64.ActiveCfg = Debug|Any CPU
		{6F5FC441-0CA9-4163-9135-FFFF1764B1BC}.Debug|x64.Build.0 = Debug|Any CPU
		{6F5FC441-0CA9-4163-9135-FFFF1764B1BC}.Debug|x64.Deploy.0 = Debug|Any CPU
		{6F5FC441-0CA9-4163-9135-FFFF1764B1BC}.Debug|x86.ActiveCfg = Debug|Any CPU
		{6F5FC441-0CA9-4163-9135-FFFF1764B1BC}.Debug|x86.Build.0 = Debug|Any CPU
		{6F5FC441-0CA9-4163-9135-FFFF1764B1BC}.Debug|x86.Deploy.0 = Debug|Any CPU
		{6F5FC441-0CA9-4163-9135-FFFF1764B1BC}.Release|Any CPU.ActiveCfg = Release|Any CPU
		{6F5FC441-0CA9-4163-9135-FFFF1764B1BC}.Release|Any CPU.Build.0 = Release|Any CPU
		{6F5FC441-0CA9-4163-9135-FFFF1764B1BC}.Release|Any CPU.Deploy.0 = Release|Any CPU
		{6F5FC441-0CA9-4163-9135-FFFF1764B1BC}.Release|ARM.ActiveCfg = Release|Any CPU
		{6F5FC441-0CA9-4163-9135-FFFF1764B1BC}.Release|ARM.Build.0 = Release|Any CPU
		{6F5FC441-0CA9-4163-9135-FFFF1764B1BC}.Release|ARM.Deploy.0 = Release|Any CPU
		{6F5FC441-0CA9-4163-9135-FFFF1764B1BC}.Release|iPhone.ActiveCfg = Release|Any CPU
		{6F5FC441-0CA9-4163-9135-FFFF1764B1BC}.Release|iPhone.Build.0 = Release|Any CPU
		{6F5FC441-0CA9-4163-9135-FFFF1764B1BC}.Release|iPhone.Deploy.0 = Release|Any CPU
		{6F5FC441-0CA9-4163-9135-FFFF1764B1BC}.Release|iPhoneSimulator.ActiveCfg = Release|Any CPU
		{6F5FC441-0CA9-4163-9135-FFFF1764B1BC}.Release|iPhoneSimulator.Build.0 = Release|Any CPU
		{6F5FC441-0CA9-4163-9135-FFFF1764B1BC}.Release|iPhoneSimulator.Deploy.0 = Release|Any CPU
		{6F5FC441-0CA9-4163-9135-FFFF1764B1BC}.Release|x64.ActiveCfg = Release|Any CPU
		{6F5FC441-0CA9-4163-9135-FFFF1764B1BC}.Release|x64.Build.0 = Release|Any CPU
		{6F5FC441-0CA9-4163-9135-FFFF1764B1BC}.Release|x64.Deploy.0 = Release|Any CPU
		{6F5FC441-0CA9-4163-9135-FFFF1764B1BC}.Release|x86.ActiveCfg = Release|Any CPU
		{6F5FC441-0CA9-4163-9135-FFFF1764B1BC}.Release|x86.Build.0 = Release|Any CPU
		{6F5FC441-0CA9-4163-9135-FFFF1764B1BC}.Release|x86.Deploy.0 = Release|Any CPU
		{6561A1DA-C614-485A-AD34-F3877185A0E3}.Ad-Hoc|Any CPU.ActiveCfg = Ad-Hoc|iPhone
		{6561A1DA-C614-485A-AD34-F3877185A0E3}.Ad-Hoc|ARM.ActiveCfg = Ad-Hoc|iPhone
		{6561A1DA-C614-485A-AD34-F3877185A0E3}.Ad-Hoc|iPhone.ActiveCfg = Ad-Hoc|iPhone
		{6561A1DA-C614-485A-AD34-F3877185A0E3}.Ad-Hoc|iPhone.Build.0 = Ad-Hoc|iPhone
		{6561A1DA-C614-485A-AD34-F3877185A0E3}.Ad-Hoc|iPhoneSimulator.ActiveCfg = Ad-Hoc|iPhoneSimulator
		{6561A1DA-C614-485A-AD34-F3877185A0E3}.Ad-Hoc|iPhoneSimulator.Build.0 = Ad-Hoc|iPhoneSimulator
		{6561A1DA-C614-485A-AD34-F3877185A0E3}.Ad-Hoc|x64.ActiveCfg = Ad-Hoc|iPhone
		{6561A1DA-C614-485A-AD34-F3877185A0E3}.Ad-Hoc|x86.ActiveCfg = Ad-Hoc|iPhone
		{6561A1DA-C614-485A-AD34-F3877185A0E3}.AppStore|Any CPU.ActiveCfg = AppStore|iPhone
		{6561A1DA-C614-485A-AD34-F3877185A0E3}.AppStore|ARM.ActiveCfg = AppStore|iPhone
		{6561A1DA-C614-485A-AD34-F3877185A0E3}.AppStore|iPhone.ActiveCfg = AppStore|iPhone
		{6561A1DA-C614-485A-AD34-F3877185A0E3}.AppStore|iPhone.Build.0 = AppStore|iPhone
		{6561A1DA-C614-485A-AD34-F3877185A0E3}.AppStore|iPhoneSimulator.ActiveCfg = AppStore|iPhoneSimulator
		{6561A1DA-C614-485A-AD34-F3877185A0E3}.AppStore|iPhoneSimulator.Build.0 = AppStore|iPhoneSimulator
		{6561A1DA-C614-485A-AD34-F3877185A0E3}.AppStore|x64.ActiveCfg = AppStore|iPhone
		{6561A1DA-C614-485A-AD34-F3877185A0E3}.AppStore|x86.ActiveCfg = AppStore|iPhone
		{6561A1DA-C614-485A-AD34-F3877185A0E3}.Debug|Any CPU.ActiveCfg = Debug|iPhone
		{6561A1DA-C614-485A-AD34-F3877185A0E3}.Debug|ARM.ActiveCfg = Debug|iPhone
		{6561A1DA-C614-485A-AD34-F3877185A0E3}.Debug|iPhone.ActiveCfg = Debug|iPhone
		{6561A1DA-C614-485A-AD34-F3877185A0E3}.Debug|iPhone.Build.0 = Debug|iPhone
		{6561A1DA-C614-485A-AD34-F3877185A0E3}.Debug|iPhoneSimulator.ActiveCfg = Debug|iPhoneSimulator
		{6561A1DA-C614-485A-AD34-F3877185A0E3}.Debug|iPhoneSimulator.Build.0 = Debug|iPhoneSimulator
		{6561A1DA-C614-485A-AD34-F3877185A0E3}.Debug|x64.ActiveCfg = Debug|iPhone
		{6561A1DA-C614-485A-AD34-F3877185A0E3}.Debug|x86.ActiveCfg = Debug|iPhone
		{6561A1DA-C614-485A-AD34-F3877185A0E3}.Release|Any CPU.ActiveCfg = Release|iPhone
		{6561A1DA-C614-485A-AD34-F3877185A0E3}.Release|ARM.ActiveCfg = Release|iPhone
		{6561A1DA-C614-485A-AD34-F3877185A0E3}.Release|iPhone.ActiveCfg = Release|iPhone
		{6561A1DA-C614-485A-AD34-F3877185A0E3}.Release|iPhone.Build.0 = Release|iPhone
		{6561A1DA-C614-485A-AD34-F3877185A0E3}.Release|iPhoneSimulator.ActiveCfg = Release|iPhoneSimulator
		{6561A1DA-C614-485A-AD34-F3877185A0E3}.Release|iPhoneSimulator.Build.0 = Release|iPhoneSimulator
		{6561A1DA-C614-485A-AD34-F3877185A0E3}.Release|x64.ActiveCfg = Release|iPhone
		{6561A1DA-C614-485A-AD34-F3877185A0E3}.Release|x86.ActiveCfg = Release|iPhone
		{D76C498B-CA8B-4CC4-8B4D-B27634AAB843}.Ad-Hoc|Any CPU.ActiveCfg = Release|x86
		{D76C498B-CA8B-4CC4-8B4D-B27634AAB843}.Ad-Hoc|Any CPU.Build.0 = Release|x86
		{D76C498B-CA8B-4CC4-8B4D-B27634AAB843}.Ad-Hoc|Any CPU.Deploy.0 = Release|x86
		{D76C498B-CA8B-4CC4-8B4D-B27634AAB843}.Ad-Hoc|ARM.ActiveCfg = Release|ARM
		{D76C498B-CA8B-4CC4-8B4D-B27634AAB843}.Ad-Hoc|ARM.Build.0 = Release|ARM
		{D76C498B-CA8B-4CC4-8B4D-B27634AAB843}.Ad-Hoc|ARM.Deploy.0 = Release|ARM
		{D76C498B-CA8B-4CC4-8B4D-B27634AAB843}.Ad-Hoc|iPhone.ActiveCfg = Release|x86
		{D76C498B-CA8B-4CC4-8B4D-B27634AAB843}.Ad-Hoc|iPhone.Build.0 = Release|x86
		{D76C498B-CA8B-4CC4-8B4D-B27634AAB843}.Ad-Hoc|iPhone.Deploy.0 = Release|x86
		{D76C498B-CA8B-4CC4-8B4D-B27634AAB843}.Ad-Hoc|iPhoneSimulator.ActiveCfg = Release|x86
		{D76C498B-CA8B-4CC4-8B4D-B27634AAB843}.Ad-Hoc|iPhoneSimulator.Build.0 = Release|x86
		{D76C498B-CA8B-4CC4-8B4D-B27634AAB843}.Ad-Hoc|iPhoneSimulator.Deploy.0 = Release|x86
		{D76C498B-CA8B-4CC4-8B4D-B27634AAB843}.Ad-Hoc|x64.ActiveCfg = Release|x64
		{D76C498B-CA8B-4CC4-8B4D-B27634AAB843}.Ad-Hoc|x64.Build.0 = Release|x64
		{D76C498B-CA8B-4CC4-8B4D-B27634AAB843}.Ad-Hoc|x64.Deploy.0 = Release|x64
		{D76C498B-CA8B-4CC4-8B4D-B27634AAB843}.Ad-Hoc|x86.ActiveCfg = Release|x86
		{D76C498B-CA8B-4CC4-8B4D-B27634AAB843}.Ad-Hoc|x86.Build.0 = Release|x86
		{D76C498B-CA8B-4CC4-8B4D-B27634AAB843}.Ad-Hoc|x86.Deploy.0 = Release|x86
		{D76C498B-CA8B-4CC4-8B4D-B27634AAB843}.AppStore|Any CPU.ActiveCfg = Release|x86
		{D76C498B-CA8B-4CC4-8B4D-B27634AAB843}.AppStore|Any CPU.Build.0 = Release|x86
		{D76C498B-CA8B-4CC4-8B4D-B27634AAB843}.AppStore|Any CPU.Deploy.0 = Release|x86
		{D76C498B-CA8B-4CC4-8B4D-B27634AAB843}.AppStore|ARM.ActiveCfg = Release|ARM
		{D76C498B-CA8B-4CC4-8B4D-B27634AAB843}.AppStore|ARM.Build.0 = Release|ARM
		{D76C498B-CA8B-4CC4-8B4D-B27634AAB843}.AppStore|ARM.Deploy.0 = Release|ARM
		{D76C498B-CA8B-4CC4-8B4D-B27634AAB843}.AppStore|iPhone.ActiveCfg = Release|x86
		{D76C498B-CA8B-4CC4-8B4D-B27634AAB843}.AppStore|iPhone.Build.0 = Release|x86
		{D76C498B-CA8B-4CC4-8B4D-B27634AAB843}.AppStore|iPhone.Deploy.0 = Release|x86
		{D76C498B-CA8B-4CC4-8B4D-B27634AAB843}.AppStore|iPhoneSimulator.ActiveCfg = Release|x86
		{D76C498B-CA8B-4CC4-8B4D-B27634AAB843}.AppStore|iPhoneSimulator.Build.0 = Release|x86
		{D76C498B-CA8B-4CC4-8B4D-B27634AAB843}.AppStore|iPhoneSimulator.Deploy.0 = Release|x86
		{D76C498B-CA8B-4CC4-8B4D-B27634AAB843}.AppStore|x64.ActiveCfg = Release|x64
		{D76C498B-CA8B-4CC4-8B4D-B27634AAB843}.AppStore|x64.Build.0 = Release|x64
		{D76C498B-CA8B-4CC4-8B4D-B27634AAB843}.AppStore|x64.Deploy.0 = Release|x64
		{D76C498B-CA8B-4CC4-8B4D-B27634AAB843}.AppStore|x86.ActiveCfg = Release|x86
		{D76C498B-CA8B-4CC4-8B4D-B27634AAB843}.AppStore|x86.Build.0 = Release|x86
		{D76C498B-CA8B-4CC4-8B4D-B27634AAB843}.AppStore|x86.Deploy.0 = Release|x86
		{D76C498B-CA8B-4CC4-8B4D-B27634AAB843}.Debug|Any CPU.ActiveCfg = Debug|x86
		{D76C498B-CA8B-4CC4-8B4D-B27634AAB843}.Debug|ARM.ActiveCfg = Debug|ARM
		{D76C498B-CA8B-4CC4-8B4D-B27634AAB843}.Debug|ARM.Build.0 = Debug|ARM
		{D76C498B-CA8B-4CC4-8B4D-B27634AAB843}.Debug|ARM.Deploy.0 = Debug|ARM
		{D76C498B-CA8B-4CC4-8B4D-B27634AAB843}.Debug|iPhone.ActiveCfg = Debug|x86
		{D76C498B-CA8B-4CC4-8B4D-B27634AAB843}.Debug|iPhoneSimulator.ActiveCfg = Debug|x86
		{D76C498B-CA8B-4CC4-8B4D-B27634AAB843}.Debug|x64.ActiveCfg = Debug|x64
		{D76C498B-CA8B-4CC4-8B4D-B27634AAB843}.Debug|x64.Build.0 = Debug|x64
		{D76C498B-CA8B-4CC4-8B4D-B27634AAB843}.Debug|x64.Deploy.0 = Debug|x64
		{D76C498B-CA8B-4CC4-8B4D-B27634AAB843}.Debug|x86.ActiveCfg = Debug|x86
		{D76C498B-CA8B-4CC4-8B4D-B27634AAB843}.Debug|x86.Build.0 = Debug|x86
		{D76C498B-CA8B-4CC4-8B4D-B27634AAB843}.Debug|x86.Deploy.0 = Debug|x86
		{D76C498B-CA8B-4CC4-8B4D-B27634AAB843}.Release|Any CPU.ActiveCfg = Release|x86
		{D76C498B-CA8B-4CC4-8B4D-B27634AAB843}.Release|ARM.ActiveCfg = Release|ARM
		{D76C498B-CA8B-4CC4-8B4D-B27634AAB843}.Release|ARM.Build.0 = Release|ARM
		{D76C498B-CA8B-4CC4-8B4D-B27634AAB843}.Release|ARM.Deploy.0 = Release|ARM
		{D76C498B-CA8B-4CC4-8B4D-B27634AAB843}.Release|iPhone.ActiveCfg = Release|x86
		{D76C498B-CA8B-4CC4-8B4D-B27634AAB843}.Release|iPhoneSimulator.ActiveCfg = Release|x86
		{D76C498B-CA8B-4CC4-8B4D-B27634AAB843}.Release|x64.ActiveCfg = Release|x64
		{D76C498B-CA8B-4CC4-8B4D-B27634AAB843}.Release|x64.Build.0 = Release|x64
		{D76C498B-CA8B-4CC4-8B4D-B27634AAB843}.Release|x64.Deploy.0 = Release|x64
		{D76C498B-CA8B-4CC4-8B4D-B27634AAB843}.Release|x86.ActiveCfg = Release|x86
		{D76C498B-CA8B-4CC4-8B4D-B27634AAB843}.Release|x86.Build.0 = Release|x86
		{D76C498B-CA8B-4CC4-8B4D-B27634AAB843}.Release|x86.Deploy.0 = Release|x86
	EndGlobalSection
	GlobalSection(SolutionProperties) = preSolution
		HideSolutionNode = FALSE
	EndGlobalSection
	GlobalSection(ExtensibilityGlobals) = postSolution
		SolutionGuid = {8D27C270-97F8-4F83-8C18-DA8947610A1F}
	EndGlobalSection
EndGlobal
